
Microsoft Visual Studio Solution File, Format Version 12.00
# Visual Studio 15
VisualStudioVersion = 15.0.28307.1145
MinimumVisualStudioVersion = 10.0.40219.1
Project("{888888A0-9F3D-457C-B088-3A5042F75D52}") = "ToDoList", "ToDoList.pyproj", "{F716C437-F8E8-4371-A35F-4C1C62C31202}"
EndProject
Global
	GlobalSection(SolutionConfigurationPlatforms) = preSolution
		Debug|Any CPU = Debug|Any CPU
		Release|Any CPU = Release|Any CPU
	EndGlobalSection
	GlobalSection(ProjectConfigurationPlatforms) = postSolution
		{F716C437-F8E8-4371-A35F-4C1C62C31202}.Debug|Any CPU.ActiveCfg = Debug|Any CPU
		{F716C437-F8E8-4371-A35F-4C1C62C31202}.Release|Any CPU.ActiveCfg = Release|Any CPU
	EndGlobalSection
	GlobalSection(SolutionProperties) = preSolution
		HideSolutionNode = FALSE
	EndGlobalSection
	GlobalSection(ExtensibilityGlobals) = postSolution
		SolutionGuid = {8C5E2716-A8D6-4031-9C03-A5D07E1AD299}
	EndGlobalSection
EndGlobal
